
Microsoft Visual Studio Solution File, Format Version 12.00
# Visual Studio 15
VisualStudioVersion = 15.0.27130.2027
MinimumVisualStudioVersion = 10.0.40219.1
Project("{FAE04EC0-301F-11D3-BF4B-00C04F79EFBC}") = "projet_C_sharp", "projet_C_sharp.csproj", "{39736C79-FA6F-4FC5-B81E-2516FB88E1FA}"
EndProject
Global
	GlobalSection(SolutionConfigurationPlatforms) = preSolution
		Debug|Any CPU = Debug|Any CPU
		Release|Any CPU = Release|Any CPU
	EndGlobalSection
	GlobalSection(ProjectConfigurationPlatforms) = postSolution
		{39736C79-FA6F-4FC5-B81E-2516FB88E1FA}.Debug|Any CPU.ActiveCfg = Debug|Any CPU
		{39736C79-FA6F-4FC5-B81E-2516FB88E1FA}.Debug|Any CPU.Build.0 = Debug|Any CPU
		{39736C79-FA6F-4FC5-B81E-2516FB88E1FA}.Release|Any CPU.ActiveCfg = Release|Any CPU
		{39736C79-FA6F-4FC5-B81E-2516FB88E1FA}.Release|Any CPU.Build.0 = Release|Any CPU
	EndGlobalSection
	GlobalSection(SolutionProperties) = preSolution
		HideSolutionNode = FALSE
	EndGlobalSection
	GlobalSection(ExtensibilityGlobals) = postSolution
		SolutionGuid = {118B8A5E-9C8E-40BB-BCD8-BC878773597A}
	EndGlobalSection
EndGlobal
